
Microsoft Visual Studio Solution File, Format Version 12.00
# Visual Studio Version 17
VisualStudioVersion = 17.9.34526.213
MinimumVisualStudioVersion = 10.0.40219.1
Project("{FAE04EC0-301F-11D3-BF4B-00C04F79EFBC}") = "desktop-switcher", "desktop-switcher\desktop-switcher.csproj", "{3D12936F-FFFC-408E-84E5-AF5A9EC9747B}"
EndProject
Global
	GlobalSection(SolutionConfigurationPlatforms) = preSolution
		Debug|Any CPU = Debug|Any CPU
		Release|Any CPU = Release|Any CPU
	EndGlobalSection
	GlobalSection(ProjectConfigurationPlatforms) = postSolution
		{3D12936F-FFFC-408E-84E5-AF5A9EC9747B}.Debug|Any CPU.ActiveCfg = Debug|Any CPU
		{3D12936F-FFFC-408E-84E5-AF5A9EC9747B}.Debug|Any CPU.Build.0 = Debug|Any CPU
		{3D12936F-FFFC-408E-84E5-AF5A9EC9747B}.Release|Any CPU.ActiveCfg = Release|Any CPU
		{3D12936F-FFFC-408E-84E5-AF5A9EC9747B}.Release|Any CPU.Build.0 = Release|Any CPU
	EndGlobalSection
	GlobalSection(SolutionProperties) = preSolution
		HideSolutionNode = FALSE
	EndGlobalSection
	GlobalSection(ExtensibilityGlobals) = postSolution
		SolutionGuid = {5EDA1544-1280-4F54-B0B4-491A6B2ABE63}
	EndGlobalSection
EndGlobal
